PODS:
  - AFNetworking (2.6.3):
    - AFNetworking/NSURLConnection (= 2.6.3)
    - AFNetworking/NSURLSession (= 2.6.3)
    - AFNetworking/Reachability (= 2.6.3)
    - AFNetworking/Security (= 2.6.3)
    - AFNetworking/Serialization (= 2.6.3)
    - AFNetworking/UIKit (= 2.6.3)
  - AFNetworking/NSURLConnection (2.6.3):
    - AFNetworking/Reachability
    - AFNetworking/Security
    - AFNetworking/Serialization
  - AFNetworking/NSURLSession (2.6.3):
    - AFNetworking/Reachability
    - AFNetworking/Security
    - AFNetworking/Serialization
  - AFNetworking/Reachability (2.6.3)
  - AFNetworking/Security (2.6.3)
  - AFNetworking/Serialization (2.6.3)
  - AFNetworking/UIKit (2.6.3):
    - AFNetworking/NSURLConnection
    - AFNetworking/NSURLSession
  - Alamofire (4.6.0)
  - AlamofireImage (3.3.0):
    - Alamofire (~> 4.5)
  - BDBOAuth1Manager (1.6.0):
    - AFNetworking/NSURLConnection (~> 2.6.0)
    - AFNetworking/NSURLSession (~> 2.6.0)
  - Bolts/Tasks (1.9.0)
  - KeychainAccess (3.1.0)
  - OAuthSwift (1.2.0)
  - OAuthSwiftAlamofire (0.1.0):
    - Alamofire
    - OAuthSwift
  - Parse (1.16.0):
    - Parse/Core (= 1.16.0)
  - Parse/Core (1.16.0):
    - Bolts/Tasks (~> 1.9)
  - PromiseKit (4.5.1):
    - PromiseKit/Foundation (= 4.5.1)
    - PromiseKit/QuartzCore (= 4.5.1)
    - PromiseKit/UIKit (= 4.5.1)
  - PromiseKit/CorePromise (4.5.1)
  - PromiseKit/Foundation (4.5.1):
    - PromiseKit/CorePromise
  - PromiseKit/QuartzCore (4.5.1):
    - PromiseKit/CorePromise
  - PromiseKit/UIKit (4.5.1):
    - PromiseKit/CorePromise
  - SearchTextField (1.2.0)

DEPENDENCIES:
  - AFNetworking (~> 2.5)
  - Alamofire (~> 4.5)
  - AlamofireImage (~> 3.3)
  - BDBOAuth1Manager
  - KeychainAccess
  - OAuthSwift
  - OAuthSwiftAlamofire
  - Parse
  - PromiseKit
  - SearchTextField

SPEC CHECKSUMS:
  AFNetworking: cb8d14a848e831097108418f5d49217339d4eb60
  Alamofire: f41a599bd63041760b26d393ec1069d9d7b917f4
  AlamofireImage: 2e784dc5d00f04903a52c1d169181469c805c3df
  BDBOAuth1Manager: cd5a5872f355ca38180d52ca2dd844f0b0c84797
  Bolts: ac6567323eac61e203f6a9763667d0f711be34c8
  KeychainAccess: 94c5540b32eabf7bc32bfb976a268e8ea05fd6da
  OAuthSwift: 7fd6855b8e4d58eb5a30d156ea9bed7a8aecd1ca
  OAuthSwiftAlamofire: 20bb998ac506f82c3bab0625fbc98a9c6fca783f
  Parse: 5b36dc2c2f0a2fd82a257ae018bc3d68cf2c24e7
  PromiseKit: 445dac9b2c3c3b4b31b5f842bc325700b848a8bd
  SearchTextField: a5bb7e4c33affadb115afdbe8100d84ef10a8024

PODFILE CHECKSUM: 65a94cb21f59b3637c285008ac115c4450c9fd6b

COCOAPODS: 1.4.0
