// !$*UTF8*$!
{
	archiveVersion = 1;
	classes = {
	};
	objectVersion = 48;
	objects = {

/* Begin PBXBuildFile section */
		1317D9F7208AAD810026CD0D /* UserActivity.swift in Sources */ = {isa = PBXBuildFile; fileRef = 1317D9F6208AAD810026CD0D /* UserActivity.swift */; };
		25E5CEBFFD7A40B894BF5CBE /* Pods_boredomUITests.framework in Frameworks */ = {isa = PBXBuildFile; fileRef = 95AB159203F9A4AB2D200A77 /* Pods_boredomUITests.framework */; };
		3494FA0A1FE948776617FFB6 /* Pods_boredomTests.framework in Frameworks */ = {isa = PBXBuildFile; fileRef = D804D1435A9C9CB114DB63AE /* Pods_boredomTests.framework */; };
		440E738D209D5F6A00393728 /* ExploreTableViewCell.swift in Sources */ = {isa = PBXBuildFile; fileRef = 440E738C209D5F6A00393728 /* ExploreTableViewCell.swift */; };
		440E738F209D684E00393728 /* InsideTableCollectionViewCell.swift in Sources */ = {isa = PBXBuildFile; fileRef = 440E738E209D684E00393728 /* InsideTableCollectionViewCell.swift */; };
		44116EA82079E4F10037EB0D /* ExploreViewController.swift in Sources */ = {isa = PBXBuildFile; fileRef = 44116EA72079E4F10037EB0D /* ExploreViewController.swift */; };
		44116EAC2079F21A0037EB0D /* UserListsCell.swift in Sources */ = {isa = PBXBuildFile; fileRef = 44116EAB2079F21A0037EB0D /* UserListsCell.swift */; };
		44116EB2207A17370037EB0D /* ActivitiesCell.swift in Sources */ = {isa = PBXBuildFile; fileRef = 44116EB1207A17370037EB0D /* ActivitiesCell.swift */; };
		44116EF2208970D70037EB0D /* SignUpViewController.swift in Sources */ = {isa = PBXBuildFile; fileRef = 44116EF1208970D70037EB0D /* SignUpViewController.swift */; };
		44116EF4208996600037EB0D /* YelpClient.swift in Sources */ = {isa = PBXBuildFile; fileRef = 44116EF3208996600037EB0D /* YelpClient.swift */; };
		44116EF620899C510037EB0D /* Business.swift in Sources */ = {isa = PBXBuildFile; fileRef = 44116EF520899C510037EB0D /* Business.swift */; };
		44116EF82093E8E10037EB0D /* ActivitiesDetailViewController.swift in Sources */ = {isa = PBXBuildFile; fileRef = 44116EF72093E8E10037EB0D /* ActivitiesDetailViewController.swift */; };
		44116EFA2093E9350037EB0D /* ListsDetailViewController.swift in Sources */ = {isa = PBXBuildFile; fileRef = 44116EF92093E9350037EB0D /* ListsDetailViewController.swift */; };
		44116EFC2094383D0037EB0D /* ActivitiesInListCell.swift in Sources */ = {isa = PBXBuildFile; fileRef = 44116EFB2094383D0037EB0D /* ActivitiesInListCell.swift */; };
		44116EFE209522390037EB0D /* GradientView.swift in Sources */ = {isa = PBXBuildFile; fileRef = 44116EFD209522390037EB0D /* GradientView.swift */; };
		4425C84220A14DC200A63D67 /* CollectionViewClass.swift in Sources */ = {isa = PBXBuildFile; fileRef = 4425C84120A14DC200A63D67 /* CollectionViewClass.swift */; };
		8B5C9E6F208AB2A300648578 /* OptionsViewController.swift in Sources */ = {isa = PBXBuildFile; fileRef = 8B5C9E6E208AB2A300648578 /* OptionsViewController.swift */; };
		911BDCF1166711CFAEE7EB95 /* Pods_boredom.framework in Frameworks */ = {isa = PBXBuildFile; fileRef = A0C09AFC596F4C5038953714 /* Pods_boredom.framework */; };
		FF6294FC208A8C7000646128 /* Movie.swift in Sources */ = {isa = PBXBuildFile; fileRef = FF6294FB208A8C7000646128 /* Movie.swift */; };
		FF68C848208076DF0005967E /* AddNewActivityVCViewController.swift in Sources */ = {isa = PBXBuildFile; fileRef = FF68C847208076DF0005967E /* AddNewActivityVCViewController.swift */; };
		FF68C84A2080CEAC0005967E /* ListOfActsViewController.swift in Sources */ = {isa = PBXBuildFile; fileRef = FF68C8492080CEAC0005967E /* ListOfActsViewController.swift */; };
		FF68C84C2080D02B0005967E /* ActivityCell.swift in Sources */ = {isa = PBXBuildFile; fileRef = FF68C84B2080D02B0005967E /* ActivityCell.swift */; };
		FFBA1637207C53C700242310 /* User.swift in Sources */ = {isa = PBXBuildFile; fileRef = FFBA1636207C53C700242310 /* User.swift */; };
		FFBA1639207C53DE00242310 /* List.swift in Sources */ = {isa = PBXBuildFile; fileRef = FFBA1638207C53DE00242310 /* List.swift */; };
		FFBA163C207C53FF00242310 /* Activity.swift in Sources */ = {isa = PBXBuildFile; fileRef = FFBA163B207C53FF00242310 /* Activity.swift */; };
		FFBA163E207C61B400242310 /* HomeViewController.swift in Sources */ = {isa = PBXBuildFile; fileRef = FFBA163D207C61B400242310 /* HomeViewController.swift */; };
		FFBA1640207C61CE00242310 /* ProfileViewController.swift in Sources */ = {isa = PBXBuildFile; fileRef = FFBA163F207C61CE00242310 /* ProfileViewController.swift */; };
		FFBA1642207C61E900242310 /* SettingViewController.swift in Sources */ = {isa = PBXBuildFile; fileRef = FFBA1641207C61E900242310 /* SettingViewController.swift */; };
		FFE94682204F76E30070B150 /* AppDelegate.swift in Sources */ = {isa = PBXBuildFile; fileRef = FFE94681204F76E30070B150 /* AppDelegate.swift */; };
		FFE94684204F76E30070B150 /* LoginViewController.swift in Sources */ = {isa = PBXBuildFile; fileRef = FFE94683204F76E30070B150 /* LoginViewController.swift */; };
		FFE94687204F76E30070B150 /* Main.storyboard in Resources */ = {isa = PBXBuildFile; fileRef = FFE94685204F76E30070B150 /* Main.storyboard */; };
		FFE94689204F76E30070B150 /* Assets.xcassets in Resources */ = {isa = PBXBuildFile; fileRef = FFE94688204F76E30070B150 /* Assets.xcassets */; };
		FFE9468C204F76E30070B150 /* LaunchScreen.storyboard in Resources */ = {isa = PBXBuildFile; fileRef = FFE9468A204F76E30070B150 /* LaunchScreen.storyboard */; };
		FFE94697204F76E40070B150 /* boredomTests.swift in Sources */ = {isa = PBXBuildFile; fileRef = FFE94696204F76E40070B150 /* boredomTests.swift */; };
		FFE946A2204F76E40070B150 /* boredomUITests.swift in Sources */ = {isa = PBXBuildFile; fileRef = FFE946A1204F76E40070B150 /* boredomUITests.swift */; };
		FFF7695F207EED7000B1F21E /* AddNewListViewController.swift in Sources */ = {isa = PBXBuildFile; fileRef = FFF7695E207EED7000B1F21E /* AddNewListViewController.swift */; };
		FFF82431209D3F2B004CB2B4 /* AddSomeActToYourListViewController.swift in Sources */ = {isa = PBXBuildFile; fileRef = FFF82430209D3F2B004CB2B4 /* AddSomeActToYourListViewController.swift */; };
/* End PBXBuildFile section */

/* Begin PBXContainerItemProxy section */
		FFE94693204F76E30070B150 /* PBXContainerItemProxy */ = {
			isa = PBXContainerItemProxy;
			containerPortal = FFE94676204F76E30070B150 /* Project object */;
			proxyType = 1;
			remoteGlobalIDString = FFE9467D204F76E30070B150;
			remoteInfo = boredom;
		};
		FFE9469E204F76E40070B150 /* PBXContainerItemProxy */ = {
			isa = PBXContainerItemProxy;
			containerPortal = FFE94676204F76E30070B150 /* Project object */;
			proxyType = 1;
			remoteGlobalIDString = FFE9467D204F76E30070B150;
			remoteInfo = boredom;
		};
/* End PBXContainerItemProxy section */

/* Begin PBXFileReference section */
		1317D9F6208AAD810026CD0D /* UserActivity.swift */ = {isa = PBXFileReference; lastKnownFileType = sourcecode.swift; path = UserActivity.swift; sourceTree = "<group>"; };
		2F21928AC4B7AE5A82382DAA /* Pods-boredom.debug.xcconfig */ = {isa = PBXFileReference; includeInIndex = 1; lastKnownFileType = text.xcconfig; name = "Pods-boredom.debug.xcconfig"; path = "Pods/Target Support Files/Pods-boredom/Pods-boredom.debug.xcconfig"; sourceTree = "<group>"; };
		440E738C209D5F6A00393728 /* ExploreTableViewCell.swift */ = {isa = PBXFileReference; lastKnownFileType = sourcecode.swift; path = ExploreTableViewCell.swift; sourceTree = "<group>"; };
		440E738E209D684E00393728 /* InsideTableCollectionViewCell.swift */ = {isa = PBXFileReference; lastKnownFileType = sourcecode.swift; path = InsideTableCollectionViewCell.swift; sourceTree = "<group>"; };
		44116EA72079E4F10037EB0D /* ExploreViewController.swift */ = {isa = PBXFileReference; lastKnownFileType = sourcecode.swift; path = ExploreViewController.swift; sourceTree = "<group>"; };
		44116EAB2079F21A0037EB0D /* UserListsCell.swift */ = {isa = PBXFileReference; lastKnownFileType = sourcecode.swift; path = UserListsCell.swift; sourceTree = "<group>"; };
		44116EB1207A17370037EB0D /* ActivitiesCell.swift */ = {isa = PBXFileReference; lastKnownFileType = sourcecode.swift; path = ActivitiesCell.swift; sourceTree = "<group>"; };
		44116EF1208970D70037EB0D /* SignUpViewController.swift */ = {isa = PBXFileReference; lastKnownFileType = sourcecode.swift; path = SignUpViewController.swift; sourceTree = "<group>"; };
		44116EF3208996600037EB0D /* YelpClient.swift */ = {isa = PBXFileReference; lastKnownFileType = sourcecode.swift; path = YelpClient.swift; sourceTree = "<group>"; };
		44116EF520899C510037EB0D /* Business.swift */ = {isa = PBXFileReference; lastKnownFileType = sourcecode.swift; path = Business.swift; sourceTree = "<group>"; };
		44116EF72093E8E10037EB0D /* ActivitiesDetailViewController.swift */ = {isa = PBXFileReference; lastKnownFileType = sourcecode.swift; path = ActivitiesDetailViewController.swift; sourceTree = "<group>"; };
		44116EF92093E9350037EB0D /* ListsDetailViewController.swift */ = {isa = PBXFileReference; lastKnownFileType = sourcecode.swift; path = ListsDetailViewController.swift; sourceTree = "<group>"; };
		44116EFB2094383D0037EB0D /* ActivitiesInListCell.swift */ = {isa = PBXFileReference; lastKnownFileType = sourcecode.swift; path = ActivitiesInListCell.swift; sourceTree = "<group>"; };
		44116EFD209522390037EB0D /* GradientView.swift */ = {isa = PBXFileReference; lastKnownFileType = sourcecode.swift; path = GradientView.swift; sourceTree = "<group>"; };
		4425C84120A14DC200A63D67 /* CollectionViewClass.swift */ = {isa = PBXFileReference; lastKnownFileType = sourcecode.swift; path = CollectionViewClass.swift; sourceTree = "<group>"; };
		5F9150D422716C277607E5C5 /* Pods-boredom.release.xcconfig */ = {isa = PBXFileReference; includeInIndex = 1; lastKnownFileType = text.xcconfig; name = "Pods-boredom.release.xcconfig"; path = "Pods/Target Support Files/Pods-boredom/Pods-boredom.release.xcconfig"; sourceTree = "<group>"; };
		6B1726BFA897DB1394727757 /* Pods-boredomUITests.release.xcconfig */ = {isa = PBXFileReference; includeInIndex = 1; lastKnownFileType = text.xcconfig; name = "Pods-boredomUITests.release.xcconfig"; path = "Pods/Target Support Files/Pods-boredomUITests/Pods-boredomUITests.release.xcconfig"; sourceTree = "<group>"; };
		8B5C9E6E208AB2A300648578 /* OptionsViewController.swift */ = {isa = PBXFileReference; lastKnownFileType = sourcecode.swift; path = OptionsViewController.swift; sourceTree = "<group>"; };
		95AB159203F9A4AB2D200A77 /* Pods_boredomUITests.framework */ = {isa = PBXFileReference; explicitFileType = wrapper.framework; includeInIndex = 0; path = Pods_boredomUITests.framework; sourceTree = BUILT_PRODUCTS_DIR; };
		A0C09AFC596F4C5038953714 /* Pods_boredom.framework */ = {isa = PBXFileReference; explicitFileType = wrapper.framework; includeInIndex = 0; path = Pods_boredom.framework; sourceTree = BUILT_PRODUCTS_DIR; };
		A0F07BC982DE17358A12745E /* Pods-boredomUITests.debug.xcconfig */ = {isa = PBXFileReference; includeInIndex = 1; lastKnownFileType = text.xcconfig; name = "Pods-boredomUITests.debug.xcconfig"; path = "Pods/Target Support Files/Pods-boredomUITests/Pods-boredomUITests.debug.xcconfig"; sourceTree = "<group>"; };
		B2C0D56CFA9BE33C1B83A3AE /* Pods-boredomTests.debug.xcconfig */ = {isa = PBXFileReference; includeInIndex = 1; lastKnownFileType = text.xcconfig; name = "Pods-boredomTests.debug.xcconfig"; path = "Pods/Target Support Files/Pods-boredomTests/Pods-boredomTests.debug.xcconfig"; sourceTree = "<group>"; };
		D804D1435A9C9CB114DB63AE /* Pods_boredomTests.framework */ = {isa = PBXFileReference; explicitFileType = wrapper.framework; includeInIndex = 0; path = Pods_boredomTests.framework; sourceTree = BUILT_PRODUCTS_DIR; };
		E82769B9CD638BFC83AAB966 /* Pods-boredomTests.release.xcconfig */ = {isa = PBXFileReference; includeInIndex = 1; lastKnownFileType = text.xcconfig; name = "Pods-boredomTests.release.xcconfig"; path = "Pods/Target Support Files/Pods-boredomTests/Pods-boredomTests.release.xcconfig"; sourceTree = "<group>"; };
		FF6294FB208A8C7000646128 /* Movie.swift */ = {isa = PBXFileReference; lastKnownFileType = sourcecode.swift; path = Movie.swift; sourceTree = "<group>"; };
		FF68C847208076DF0005967E /* AddNewActivityVCViewController.swift */ = {isa = PBXFileReference; lastKnownFileType = sourcecode.swift; path = AddNewActivityVCViewController.swift; sourceTree = "<group>"; };
		FF68C8492080CEAC0005967E /* ListOfActsViewController.swift */ = {isa = PBXFileReference; lastKnownFileType = sourcecode.swift; path = ListOfActsViewController.swift; sourceTree = "<group>"; };
		FF68C84B2080D02B0005967E /* ActivityCell.swift */ = {isa = PBXFileReference; lastKnownFileType = sourcecode.swift; name = ActivityCell.swift; path = boredom/ActivityCell.swift; sourceTree = "<group>"; };
		FFBA1636207C53C700242310 /* User.swift */ = {isa = PBXFileReference; lastKnownFileType = sourcecode.swift; path = User.swift; sourceTree = "<group>"; };
		FFBA1638207C53DE00242310 /* List.swift */ = {isa = PBXFileReference; lastKnownFileType = sourcecode.swift; path = List.swift; sourceTree = "<group>"; };
		FFBA163B207C53FF00242310 /* Activity.swift */ = {isa = PBXFileReference; lastKnownFileType = sourcecode.swift; path = Activity.swift; sourceTree = "<group>"; };
		FFBA163D207C61B400242310 /* HomeViewController.swift */ = {isa = PBXFileReference; lastKnownFileType = sourcecode.swift; path = HomeViewController.swift; sourceTree = "<group>"; };
		FFBA163F207C61CE00242310 /* ProfileViewController.swift */ = {isa = PBXFileReference; lastKnownFileType = sourcecode.swift; path = ProfileViewController.swift; sourceTree = "<group>"; };
		FFBA1641207C61E900242310 /* SettingViewController.swift */ = {isa = PBXFileReference; lastKnownFileType = sourcecode.swift; path = SettingViewController.swift; sourceTree = "<group>"; };
		FFE9467E204F76E30070B150 /* boredom.app */ = {isa = PBXFileReference; explicitFileType = wrapper.application; includeInIndex = 0; path = boredom.app; sourceTree = BUILT_PRODUCTS_DIR; };
		FFE94681204F76E30070B150 /* AppDelegate.swift */ = {isa = PBXFileReference; lastKnownFileType = sourcecode.swift; path = AppDelegate.swift; sourceTree = "<group>"; };
		FFE94683204F76E30070B150 /* LoginViewController.swift */ = {isa = PBXFileReference; lastKnownFileType = sourcecode.swift; path = LoginViewController.swift; sourceTree = "<group>"; };
		FFE94686204F76E30070B150 /* Base */ = {isa = PBXFileReference; lastKnownFileType = file.storyboard; name = Base; path = Base.lproj/Main.storyboard; sourceTree = "<group>"; };
		FFE94688204F76E30070B150 /* Assets.xcassets */ = {isa = PBXFileReference; lastKnownFileType = folder.assetcatalog; path = Assets.xcassets; sourceTree = "<group>"; };
		FFE9468B204F76E30070B150 /* Base */ = {isa = PBXFileReference; lastKnownFileType = file.storyboard; name = Base; path = Base.lproj/LaunchScreen.storyboard; sourceTree = "<group>"; };
		FFE9468D204F76E30070B150 /* Info.plist */ = {isa = PBXFileReference; lastKnownFileType = text.plist.xml; path = Info.plist; sourceTree = "<group>"; };
		FFE94692204F76E30070B150 /* boredomTests.xctest */ = {isa = PBXFileReference; explicitFileType = wrapper.cfbundle; includeInIndex = 0; path = boredomTests.xctest; sourceTree = BUILT_PRODUCTS_DIR; };
		FFE94696204F76E40070B150 /* boredomTests.swift */ = {isa = PBXFileReference; lastKnownFileType = sourcecode.swift; path = boredomTests.swift; sourceTree = "<group>"; };
		FFE94698204F76E40070B150 /* Info.plist */ = {isa = PBXFileReference; lastKnownFileType = text.plist.xml; path = Info.plist; sourceTree = "<group>"; };
		FFE9469D204F76E40070B150 /* boredomUITests.xctest */ = {isa = PBXFileReference; explicitFileType = wrapper.cfbundle; includeInIndex = 0; path = boredomUITests.xctest; sourceTree = BUILT_PRODUCTS_DIR; };
		FFE946A1204F76E40070B150 /* boredomUITests.swift */ = {isa = PBXFileReference; lastKnownFileType = sourcecode.swift; path = boredomUITests.swift; sourceTree = "<group>"; };
		FFE946A3204F76E40070B150 /* Info.plist */ = {isa = PBXFileReference; lastKnownFileType = text.plist.xml; path = Info.plist; sourceTree = "<group>"; };
		FFF7695E207EED7000B1F21E /* AddNewListViewController.swift */ = {isa = PBXFileReference; lastKnownFileType = sourcecode.swift; path = AddNewListViewController.swift; sourceTree = "<group>"; };
		FFF82430209D3F2B004CB2B4 /* AddSomeActToYourListViewController.swift */ = {isa = PBXFileReference; lastKnownFileType = sourcecode.swift; path = AddSomeActToYourListViewController.swift; sourceTree = "<group>"; };
/* End PBXFileReference section */

/* Begin PBXFrameworksBuildPhase section */
		FFE9467B204F76E30070B150 /* Frameworks */ = {
			isa = PBXFrameworksBuildPhase;
			buildActionMask = 2147483647;
			files = (
				911BDCF1166711CFAEE7EB95 /* Pods_boredom.framework in Frameworks */,
			);
			runOnlyForDeploymentPostprocessing = 0;
		};
		FFE9468F204F76E30070B150 /* Frameworks */ = {
			isa = PBXFrameworksBuildPhase;
			buildActionMask = 2147483647;
			files = (
				3494FA0A1FE948776617FFB6 /* Pods_boredomTests.framework in Frameworks */,
			);
			runOnlyForDeploymentPostprocessing = 0;
		};
		FFE9469A204F76E40070B150 /* Frameworks */ = {
			isa = PBXFrameworksBuildPhase;
			buildActionMask = 2147483647;
			files = (
				25E5CEBFFD7A40B894BF5CBE /* Pods_boredomUITests.framework in Frameworks */,
			);
			runOnlyForDeploymentPostprocessing = 0;
		};
/* End PBXFrameworksBuildPhase section */

/* Begin PBXGroup section */
		03371133378E42D20E409049 /* Pods */ = {
			isa = PBXGroup;
			children = (
				2F21928AC4B7AE5A82382DAA /* Pods-boredom.debug.xcconfig */,
				5F9150D422716C277607E5C5 /* Pods-boredom.release.xcconfig */,
				B2C0D56CFA9BE33C1B83A3AE /* Pods-boredomTests.debug.xcconfig */,
				E82769B9CD638BFC83AAB966 /* Pods-boredomTests.release.xcconfig */,
				A0F07BC982DE17358A12745E /* Pods-boredomUITests.debug.xcconfig */,
				6B1726BFA897DB1394727757 /* Pods-boredomUITests.release.xcconfig */,
			);
			name = Pods;
			sourceTree = "<group>";
		};
		3EC50DBB2CBF15F3C5D8B255 /* Frameworks */ = {
			isa = PBXGroup;
			children = (
				A0C09AFC596F4C5038953714 /* Pods_boredom.framework */,
				D804D1435A9C9CB114DB63AE /* Pods_boredomTests.framework */,
				95AB159203F9A4AB2D200A77 /* Pods_boredomUITests.framework */,
			);
			name = Frameworks;
			sourceTree = "<group>";
		};
		FFBA1634207C532E00242310 /* ViewControllers */ = {
			isa = PBXGroup;
			children = (
				44116EF1208970D70037EB0D /* SignUpViewController.swift */,
				FFE94683204F76E30070B150 /* LoginViewController.swift */,
				44116EA72079E4F10037EB0D /* ExploreViewController.swift */,
				FFBA163D207C61B400242310 /* HomeViewController.swift */,
				FFBA163F207C61CE00242310 /* ProfileViewController.swift */,
				FFBA1641207C61E900242310 /* SettingViewController.swift */,
				FFF7695E207EED7000B1F21E /* AddNewListViewController.swift */,
				FF68C847208076DF0005967E /* AddNewActivityVCViewController.swift */,
				FF68C8492080CEAC0005967E /* ListOfActsViewController.swift */,
				8B5C9E6E208AB2A300648578 /* OptionsViewController.swift */,
				44116EF72093E8E10037EB0D /* ActivitiesDetailViewController.swift */,
				44116EF92093E9350037EB0D /* ListsDetailViewController.swift */,
				FFF82430209D3F2B004CB2B4 /* AddSomeActToYourListViewController.swift */,
			);
			path = ViewControllers;
			sourceTree = "<group>";
		};
		FFBA1635207C534B00242310 /* Models */ = {
			isa = PBXGroup;
			children = (
				44116EF520899C510037EB0D /* Business.swift */,
				FF6294FB208A8C7000646128 /* Movie.swift */,
				FFBA1636207C53C700242310 /* User.swift */,
				FFBA1638207C53DE00242310 /* List.swift */,
				FFBA163B207C53FF00242310 /* Activity.swift */,
				1317D9F6208AAD810026CD0D /* UserActivity.swift */,
			);
			path = Models;
			sourceTree = "<group>";
		};
		FFE94675204F76E30070B150 = {
			isa = PBXGroup;
			children = (
				FFE94680204F76E30070B150 /* boredom */,
				FFE94695204F76E30070B150 /* boredomTests */,
				FFE946A0204F76E40070B150 /* boredomUITests */,
				FFE9467F204F76E30070B150 /* Products */,
				03371133378E42D20E409049 /* Pods */,
				3EC50DBB2CBF15F3C5D8B255 /* Frameworks */,
			);
			sourceTree = "<group>";
		};
		FFE9467F204F76E30070B150 /* Products */ = {
			isa = PBXGroup;
			children = (
				FFE9467E204F76E30070B150 /* boredom.app */,
				FFE94692204F76E30070B150 /* boredomTests.xctest */,
				FFE9469D204F76E40070B150 /* boredomUITests.xctest */,
			);
			name = Products;
			sourceTree = "<group>";
		};
		FFE94680204F76E30070B150 /* boredom */ = {
			isa = PBXGroup;
			children = (
				FFBA1635207C534B00242310 /* Models */,
				FFF76960207EEDD500B1F21E /* ViewCells */,
				FFBA1634207C532E00242310 /* ViewControllers */,
				FFE94681204F76E30070B150 /* AppDelegate.swift */,
				FFE94685204F76E30070B150 /* Main.storyboard */,
				FFE94688204F76E30070B150 /* Assets.xcassets */,
				FFE9468A204F76E30070B150 /* LaunchScreen.storyboard */,
				FFE9468D204F76E30070B150 /* Info.plist */,
				44116EF3208996600037EB0D /* YelpClient.swift */,
				44116EFD209522390037EB0D /* GradientView.swift */,
			);
			path = boredom;
			sourceTree = "<group>";
		};
		FFE94695204F76E30070B150 /* boredomTests */ = {
			isa = PBXGroup;
			children = (
				FFE94696204F76E40070B150 /* boredomTests.swift */,
				FFE94698204F76E40070B150 /* Info.plist */,
			);
			path = boredomTests;
			sourceTree = "<group>";
		};
		FFE946A0204F76E40070B150 /* boredomUITests */ = {
			isa = PBXGroup;
			children = (
				FFE946A1204F76E40070B150 /* boredomUITests.swift */,
				FFE946A3204F76E40070B150 /* Info.plist */,
			);
			path = boredomUITests;
			sourceTree = "<group>";
		};
		FFF76960207EEDD500B1F21E /* ViewCells */ = {
			isa = PBXGroup;
			children = (
				44116EAB2079F21A0037EB0D /* UserListsCell.swift */,
				44116EB1207A17370037EB0D /* ActivitiesCell.swift */,
				FF68C84B2080D02B0005967E /* ActivityCell.swift */,
				44116EFB2094383D0037EB0D /* ActivitiesInListCell.swift */,
				440E738C209D5F6A00393728 /* ExploreTableViewCell.swift */,
				440E738E209D684E00393728 /* InsideTableCollectionViewCell.swift */,
				4425C84120A14DC200A63D67 /* CollectionViewClass.swift */,
			);
			name = ViewCells;
			path = ..;
			sourceTree = "<group>";
		};
/* End PBXGroup section */

/* Begin PBXNativeTarget section */
		FFE9467D204F76E30070B150 /* boredom */ = {
			isa = PBXNativeTarget;
			buildConfigurationList = FFE946A6204F76E40070B150 /* Build configuration list for PBXNativeTarget "boredom" */;
			buildPhases = (
				B70543CDEE95310FCB9BDF3D /* [CP] Check Pods Manifest.lock */,
				FFE9467A204F76E30070B150 /* Sources */,
				FFE9467B204F76E30070B150 /* Frameworks */,
				FFE9467C204F76E30070B150 /* Resources */,
				B81EA930FDE23957B3D6B0AC /* [CP] Embed Pods Frameworks */,
				BEF20CA5526F1D9BAA530E0B /* [CP] Copy Pods Resources */,
			);
			buildRules = (
			);
			dependencies = (
			);
			name = boredom;
			productName = boredom;
			productReference = FFE9467E204F76E30070B150 /* boredom.app */;
			productType = "com.apple.product-type.application";
		};
		FFE94691204F76E30070B150 /* boredomTests */ = {
			isa = PBXNativeTarget;
			buildConfigurationList = FFE946A9204F76E40070B150 /* Build configuration list for PBXNativeTarget "boredomTests" */;
			buildPhases = (
				BBD07FD0A5CE6158C92FC16D /* [CP] Check Pods Manifest.lock */,
				FFE9468E204F76E30070B150 /* Sources */,
				FFE9468F204F76E30070B150 /* Frameworks */,
				FFE94690204F76E30070B150 /* Resources */,
				F9BCED13560F7B9BC75E91F5 /* [CP] Embed Pods Frameworks */,
				45154DA507E16339C4D5DB6E /* [CP] Copy Pods Resources */,
			);
			buildRules = (
			);
			dependencies = (
				FFE94694204F76E30070B150 /* PBXTargetDependency */,
			);
			name = boredomTests;
			productName = boredomTests;
			productReference = FFE94692204F76E30070B150 /* boredomTests.xctest */;
			productType = "com.apple.product-type.bundle.unit-test";
		};
		FFE9469C204F76E40070B150 /* boredomUITests */ = {
			isa = PBXNativeTarget;
			buildConfigurationList = FFE946AC204F76E40070B150 /* Build configuration list for PBXNativeTarget "boredomUITests" */;
			buildPhases = (
				2DBB48EF93FA8B3A4ECE4788 /* [CP] Check Pods Manifest.lock */,
				FFE94699204F76E40070B150 /* Sources */,
				FFE9469A204F76E40070B150 /* Frameworks */,
				FFE9469B204F76E40070B150 /* Resources */,
				6D3773D4D7F6CE8B9AA404FE /* [CP] Embed Pods Frameworks */,
				445EDEB367775A5B7D90AD23 /* [CP] Copy Pods Resources */,
			);
			buildRules = (
			);
			dependencies = (
				FFE9469F204F76E40070B150 /* PBXTargetDependency */,
			);
			name = boredomUITests;
			productName = boredomUITests;
			productReference = FFE9469D204F76E40070B150 /* boredomUITests.xctest */;
			productType = "com.apple.product-type.bundle.ui-testing";
		};
/* End PBXNativeTarget section */

/* Begin PBXProject section */
		FFE94676204F76E30070B150 /* Project object */ = {
			isa = PBXProject;
			attributes = {
				LastSwiftUpdateCheck = 0920;
				LastUpgradeCheck = 0920;
				ORGANIZATIONNAME = "Melissa Phuong Nguyen";
				TargetAttributes = {
					FFE9467D204F76E30070B150 = {
						CreatedOnToolsVersion = 9.2;
						ProvisioningStyle = Automatic;
					};
					FFE94691204F76E30070B150 = {
						CreatedOnToolsVersion = 9.2;
						ProvisioningStyle = Automatic;
						TestTargetID = FFE9467D204F76E30070B150;
					};
					FFE9469C204F76E40070B150 = {
						CreatedOnToolsVersion = 9.2;
						ProvisioningStyle = Automatic;
						TestTargetID = FFE9467D204F76E30070B150;
					};
				};
			};
			buildConfigurationList = FFE94679204F76E30070B150 /* Build configuration list for PBXProject "boredom" */;
			compatibilityVersion = "Xcode 8.0";
			developmentRegion = en;
			hasScannedForEncodings = 0;
			knownRegions = (
				en,
				Base,
			);
			mainGroup = FFE94675204F76E30070B150;
			productRefGroup = FFE9467F204F76E30070B150 /* Products */;
			projectDirPath = "";
			projectRoot = "";
			targets = (
				FFE9467D204F76E30070B150 /* boredom */,
				FFE94691204F76E30070B150 /* boredomTests */,
				FFE9469C204F76E40070B150 /* boredomUITests */,
			);
		};
/* End PBXProject section */

/* Begin PBXResourcesBuildPhase section */
		FFE9467C204F76E30070B150 /* Resources */ = {
			isa = PBXResourcesBuildPhase;
			buildActionMask = 2147483647;
			files = (
				FFE9468C204F76E30070B150 /* LaunchScreen.storyboard in Resources */,
				FFE94689204F76E30070B150 /* Assets.xcassets in Resources */,
				FFE94687204F76E30070B150 /* Main.storyboard in Resources */,
			);
			runOnlyForDeploymentPostprocessing = 0;
		};
		FFE94690204F76E30070B150 /* Resources */ = {
			isa = PBXResourcesBuildPhase;
			buildActionMask = 2147483647;
			files = (
			);
			runOnlyForDeploymentPostprocessing = 0;
		};
		FFE9469B204F76E40070B150 /* Resources */ = {
			isa = PBXResourcesBuildPhase;
			buildActionMask = 2147483647;
			files = (
			);
			runOnlyForDeploymentPostprocessing = 0;
		};
/* End PBXResourcesBuildPhase section */

/* Begin PBXShellScriptBuildPhase section */
		2DBB48EF93FA8B3A4ECE4788 /* [CP] Check Pods Manifest.lock */ = {
			isa = PBXShellScriptBuildPhase;
			buildActionMask = 2147483647;
			files = (
			);
			inputPaths = (
				"${PODS_PODFILE_DIR_PATH}/Podfile.lock",
				"${PODS_ROOT}/Manifest.lock",
			);
			name = "[CP] Check Pods Manifest.lock";
			outputPaths = (
				"$(DERIVED_FILE_DIR)/Pods-boredomUITests-checkManifestLockResult.txt",
			);
			runOnlyForDeploymentPostprocessing = 0;
			shellPath = /bin/sh;
			shellScript = "diff \"${PODS_PODFILE_DIR_PATH}/Podfile.lock\" \"${PODS_ROOT}/Manifest.lock\" > /dev/null\nif [ $? != 0 ] ; then\n    # print error to STDERR\n    echo \"error: The sandbox is not in sync with the Podfile.lock. Run 'pod install' or update your CocoaPods installation.\" >&2\n    exit 1\nfi\n# This output is used by Xcode 'outputs' to avoid re-running this script phase.\necho \"SUCCESS\" > \"${SCRIPT_OUTPUT_FILE_0}\"\n";
			showEnvVarsInLog = 0;
		};
		445EDEB367775A5B7D90AD23 /* [CP] Copy Pods Resources */ = {
			isa = PBXShellScriptBuildPhase;
			buildActionMask = 2147483647;
			files = (
			);
			inputPaths = (
			);
			name = "[CP] Copy Pods Resources";
			outputPaths = (
			);
			runOnlyForDeploymentPostprocessing = 0;
			shellPath = /bin/sh;
			shellScript = "\"${SRCROOT}/Pods/Target Support Files/Pods-boredomUITests/Pods-boredomUITests-resources.sh\"\n";
			showEnvVarsInLog = 0;
		};
		45154DA507E16339C4D5DB6E /* [CP] Copy Pods Resources */ = {
			isa = PBXShellScriptBuildPhase;
			buildActionMask = 2147483647;
			files = (
			);
			inputPaths = (
			);
			name = "[CP] Copy Pods Resources";
			outputPaths = (
			);
			runOnlyForDeploymentPostprocessing = 0;
			shellPath = /bin/sh;
			shellScript = "\"${SRCROOT}/Pods/Target Support Files/Pods-boredomTests/Pods-boredomTests-resources.sh\"\n";
			showEnvVarsInLog = 0;
		};
		6D3773D4D7F6CE8B9AA404FE /* [CP] Embed Pods Frameworks */ = {
			isa = PBXShellScriptBuildPhase;
			buildActionMask = 2147483647;
			files = (
			);
			inputPaths = (
			);
			name = "[CP] Embed Pods Frameworks";
			outputPaths = (
			);
			runOnlyForDeploymentPostprocessing = 0;
			shellPath = /bin/sh;
			shellScript = "\"${SRCROOT}/Pods/Target Support Files/Pods-boredomUITests/Pods-boredomUITests-frameworks.sh\"\n";
			showEnvVarsInLog = 0;
		};
		B70543CDEE95310FCB9BDF3D /* [CP] Check Pods Manifest.lock */ = {
			isa = PBXShellScriptBuildPhase;
			buildActionMask = 2147483647;
			files = (
			);
			inputPaths = (
				"${PODS_PODFILE_DIR_PATH}/Podfile.lock",
				"${PODS_ROOT}/Manifest.lock",
			);
			name = "[CP] Check Pods Manifest.lock";
			outputPaths = (
				"$(DERIVED_FILE_DIR)/Pods-boredom-checkManifestLockResult.txt",
			);
			runOnlyForDeploymentPostprocessing = 0;
			shellPath = /bin/sh;
			shellScript = "diff \"${PODS_PODFILE_DIR_PATH}/Podfile.lock\" \"${PODS_ROOT}/Manifest.lock\" > /dev/null\nif [ $? != 0 ] ; then\n    # print error to STDERR\n    echo \"error: The sandbox is not in sync with the Podfile.lock. Run 'pod install' or update your CocoaPods installation.\" >&2\n    exit 1\nfi\n# This output is used by Xcode 'outputs' to avoid re-running this script phase.\necho \"SUCCESS\" > \"${SCRIPT_OUTPUT_FILE_0}\"\n";
			showEnvVarsInLog = 0;
		};
		B81EA930FDE23957B3D6B0AC /* [CP] Embed Pods Frameworks */ = {
			isa = PBXShellScriptBuildPhase;
			buildActionMask = 2147483647;
			files = (
			);
			inputPaths = (
				"${SRCROOT}/Pods/Target Support Files/Pods-boredom/Pods-boredom-frameworks.sh",
				"${BUILT_PRODUCTS_DIR}/AFNetworking/AFNetworking.framework",
				"${BUILT_PRODUCTS_DIR}/Alamofire/Alamofire.framework",
				"${BUILT_PRODUCTS_DIR}/AlamofireImage/AlamofireImage.framework",
				"${BUILT_PRODUCTS_DIR}/BDBOAuth1Manager/BDBOAuth1Manager.framework",
				"${BUILT_PRODUCTS_DIR}/Bolts/Bolts.framework",
				"${BUILT_PRODUCTS_DIR}/DynamicBlurView/DynamicBlurView.framework",
				"${BUILT_PRODUCTS_DIR}/KeychainAccess/KeychainAccess.framework",
				"${BUILT_PRODUCTS_DIR}/OAuthSwift/OAuthSwift.framework",
				"${BUILT_PRODUCTS_DIR}/OAuthSwiftAlamofire/OAuthSwiftAlamofire.framework",
				"${BUILT_PRODUCTS_DIR}/Parse/Parse.framework",
				"${BUILT_PRODUCTS_DIR}/PopupDialog/PopupDialog.framework",
				"${BUILT_PRODUCTS_DIR}/PromiseKit/PromiseKit.framework",
				"${BUILT_PRODUCTS_DIR}/SearchTextField/SearchTextField.framework",
			);
			name = "[CP] Embed Pods Frameworks";
			outputPaths = (
				"${TARGET_BUILD_DIR}/${FRAMEWORKS_FOLDER_PATH}/AFNetworking.framework",
				"${TARGET_BUILD_DIR}/${FRAMEWORKS_FOLDER_PATH}/Alamofire.framework",
				"${TARGET_BUILD_DIR}/${FRAMEWORKS_FOLDER_PATH}/AlamofireImage.framework",
				"${TARGET_BUILD_DIR}/${FRAMEWORKS_FOLDER_PATH}/BDBOAuth1Manager.framework",
				"${TARGET_BUILD_DIR}/${FRAMEWORKS_FOLDER_PATH}/Bolts.framework",
				"${TARGET_BUILD_DIR}/${FRAMEWORKS_FOLDER_PATH}/DynamicBlurView.framework",
				"${TARGET_BUILD_DIR}/${FRAMEWORKS_FOLDER_PATH}/KeychainAccess.framework",
				"${TARGET_BUILD_DIR}/${FRAMEWORKS_FOLDER_PATH}/OAuthSwift.framework",
				"${TARGET_BUILD_DIR}/${FRAMEWORKS_FOLDER_PATH}/OAuthSwiftAlamofire.framework",
				"${TARGET_BUILD_DIR}/${FRAMEWORKS_FOLDER_PATH}/Parse.framework",
				"${TARGET_BUILD_DIR}/${FRAMEWORKS_FOLDER_PATH}/PopupDialog.framework",
				"${TARGET_BUILD_DIR}/${FRAMEWORKS_FOLDER_PATH}/PromiseKit.framework",
				"${TARGET_BUILD_DIR}/${FRAMEWORKS_FOLDER_PATH}/SearchTextField.framework",
			);
			runOnlyForDeploymentPostprocessing = 0;
			shellPath = /bin/sh;
			shellScript = "\"${SRCROOT}/Pods/Target Support Files/Pods-boredom/Pods-boredom-frameworks.sh\"\n";
			showEnvVarsInLog = 0;
		};
		BBD07FD0A5CE6158C92FC16D /* [CP] Check Pods Manifest.lock */ = {
			isa = PBXShellScriptBuildPhase;
			buildActionMask = 2147483647;
			files = (
			);
			inputPaths = (
				"${PODS_PODFILE_DIR_PATH}/Podfile.lock",
				"${PODS_ROOT}/Manifest.lock",
			);
			name = "[CP] Check Pods Manifest.lock";
			outputPaths = (
				"$(DERIVED_FILE_DIR)/Pods-boredomTests-checkManifestLockResult.txt",
			);
			runOnlyForDeploymentPostprocessing = 0;
			shellPath = /bin/sh;
			shellScript = "diff \"${PODS_PODFILE_DIR_PATH}/Podfile.lock\" \"${PODS_ROOT}/Manifest.lock\" > /dev/null\nif [ $? != 0 ] ; then\n    # print error to STDERR\n    echo \"error: The sandbox is not in sync with the Podfile.lock. Run 'pod install' or update your CocoaPods installation.\" >&2\n    exit 1\nfi\n# This output is used by Xcode 'outputs' to avoid re-running this script phase.\necho \"SUCCESS\" > \"${SCRIPT_OUTPUT_FILE_0}\"\n";
			showEnvVarsInLog = 0;
		};
		BEF20CA5526F1D9BAA530E0B /* [CP] Copy Pods Resources */ = {
			isa = PBXShellScriptBuildPhase;
			buildActionMask = 2147483647;
			files = (
			);
			inputPaths = (
			);
			name = "[CP] Copy Pods Resources";
			outputPaths = (
			);
			runOnlyForDeploymentPostprocessing = 0;
			shellPath = /bin/sh;
			shellScript = "\"${SRCROOT}/Pods/Target Support Files/Pods-boredom/Pods-boredom-resources.sh\"\n";
			showEnvVarsInLog = 0;
		};
		F9BCED13560F7B9BC75E91F5 /* [CP] Embed Pods Frameworks */ = {
			isa = PBXShellScriptBuildPhase;
			buildActionMask = 2147483647;
			files = (
			);
			inputPaths = (
			);
			name = "[CP] Embed Pods Frameworks";
			outputPaths = (
			);
			runOnlyForDeploymentPostprocessing = 0;
			shellPath = /bin/sh;
			shellScript = "\"${SRCROOT}/Pods/Target Support Files/Pods-boredomTests/Pods-boredomTests-frameworks.sh\"\n";
			showEnvVarsInLog = 0;
		};
/* End PBXShellScriptBuildPhase section */

/* Begin PBXSourcesBuildPhase section */
		FFE9467A204F76E30070B150 /* Sources */ = {
			isa = PBXSourcesBuildPhase;
			buildActionMask = 2147483647;
			files = (
				FF6294FC208A8C7000646128 /* Movie.swift in Sources */,
				FFF82431209D3F2B004CB2B4 /* AddSomeActToYourListViewController.swift in Sources */,
				FFE94684204F76E30070B150 /* LoginViewController.swift in Sources */,
				4425C84220A14DC200A63D67 /* CollectionViewClass.swift in Sources */,
				FFBA1642207C61E900242310 /* SettingViewController.swift in Sources */,
				44116EAC2079F21A0037EB0D /* UserListsCell.swift in Sources */,
				FFBA1640207C61CE00242310 /* ProfileViewController.swift in Sources */,
				FFBA1639207C53DE00242310 /* List.swift in Sources */,
				44116EF4208996600037EB0D /* YelpClient.swift in Sources */,
				44116EFA2093E9350037EB0D /* ListsDetailViewController.swift in Sources */,
				FF68C848208076DF0005967E /* AddNewActivityVCViewController.swift in Sources */,
				FFBA1637207C53C700242310 /* User.swift in Sources */,
				1317D9F7208AAD810026CD0D /* UserActivity.swift in Sources */,
				440E738D209D5F6A00393728 /* ExploreTableViewCell.swift in Sources */,
				8B5C9E6F208AB2A300648578 /* OptionsViewController.swift in Sources */,
				44116EB2207A17370037EB0D /* ActivitiesCell.swift in Sources */,
				FFBA163E207C61B400242310 /* HomeViewController.swift in Sources */,
				FFE94682204F76E30070B150 /* AppDelegate.swift in Sources */,
				44116EF2208970D70037EB0D /* SignUpViewController.swift in Sources */,
				FF68C84C2080D02B0005967E /* ActivityCell.swift in Sources */,
				FFBA163C207C53FF00242310 /* Activity.swift in Sources */,
				FF68C84A2080CEAC0005967E /* ListOfActsViewController.swift in Sources */,
				440E738F209D684E00393728 /* InsideTableCollectionViewCell.swift in Sources */,
				44116EF82093E8E10037EB0D /* ActivitiesDetailViewController.swift in Sources */,
				44116EF620899C510037EB0D /* Business.swift in Sources */,
				44116EFC2094383D0037EB0D /* ActivitiesInListCell.swift in Sources */,
				44116EFE209522390037EB0D /* GradientView.swift in Sources */,
				44116EA82079E4F10037EB0D /* ExploreViewController.swift in Sources */,
				FFF7695F207EED7000B1F21E /* AddNewListViewController.swift in Sources */,
			);
			runOnlyForDeploymentPostprocessing = 0;
		};
		FFE9468E204F76E30070B150 /* Sources */ = {
			isa = PBXSourcesBuildPhase;
			buildActionMask = 2147483647;
			files = (
				FFE94697204F76E40070B150 /* boredomTests.swift in Sources */,
			);
			runOnlyForDeploymentPostprocessing = 0;
		};
		FFE94699204F76E40070B150 /* Sources */ = {
			isa = PBXSourcesBuildPhase;
			buildActionMask = 2147483647;
			files = (
				FFE946A2204F76E40070B150 /* boredomUITests.swift in Sources */,
			);
			runOnlyForDeploymentPostprocessing = 0;
		};
/* End PBXSourcesBuildPhase section */

/* Begin PBXTargetDependency section */
		FFE94694204F76E30070B150 /* PBXTargetDependency */ = {
			isa = PBXTargetDependency;
			target = FFE9467D204F76E30070B150 /* boredom */;
			targetProxy = FFE94693204F76E30070B150 /* PBXContainerItemProxy */;
		};
		FFE9469F204F76E40070B150 /* PBXTargetDependency */ = {
			isa = PBXTargetDependency;
			target = FFE9467D204F76E30070B150 /* boredom */;
			targetProxy = FFE9469E204F76E40070B150 /* PBXContainerItemProxy */;
		};
/* End PBXTargetDependency section */

/* Begin PBXVariantGroup section */
		FFE94685204F76E30070B150 /* Main.storyboard */ = {
			isa = PBXVariantGroup;
			children = (
				FFE94686204F76E30070B150 /* Base */,
			);
			name = Main.storyboard;
			sourceTree = "<group>";
		};
		FFE9468A204F76E30070B150 /* LaunchScreen.storyboard */ = {
			isa = PBXVariantGroup;
			children = (
				FFE9468B204F76E30070B150 /* Base */,
			);
			name = LaunchScreen.storyboard;
			sourceTree = "<group>";
		};
/* End PBXVariantGroup section */

/* Begin XCBuildConfiguration section */
		FFE946A4204F76E40070B150 /* Debug */ = {
			isa = XCBuildConfiguration;
			buildSettings = {
				ALWAYS_SEARCH_USER_PATHS = NO;
				CLANG_ANALYZER_NONNULL = YES;
				CLANG_ANALYZER_NUMBER_OBJECT_CONVERSION = YES_AGGRESSIVE;
				CLANG_CXX_LANGUAGE_STANDARD = "gnu++14";
				CLANG_CXX_LIBRARY = "libc++";
				CLANG_ENABLE_MODULES = YES;
				CLANG_ENABLE_OBJC_ARC = YES;
				CLANG_WARN_BLOCK_CAPTURE_AUTORELEASING = YES;
				CLANG_WARN_BOOL_CONVERSION = YES;
				CLANG_WARN_COMMA = YES;
				CLANG_WARN_CONSTANT_CONVERSION = YES;
				CLANG_WARN_DIRECT_OBJC_ISA_USAGE = YES_ERROR;
				CLANG_WARN_DOCUMENTATION_COMMENTS = YES;
				CLANG_WARN_EMPTY_BODY = YES;
				CLANG_WARN_ENUM_CONVERSION = YES;
				CLANG_WARN_INFINITE_RECURSION = YES;
				CLANG_WARN_INT_CONVERSION = YES;
				CLANG_WARN_NON_LITERAL_NULL_CONVERSION = YES;
				CLANG_WARN_OBJC_LITERAL_CONVERSION = YES;
				CLANG_WARN_OBJC_ROOT_CLASS = YES_ERROR;
				CLANG_WARN_RANGE_LOOP_ANALYSIS = YES;
				CLANG_WARN_STRICT_PROTOTYPES = YES;
				CLANG_WARN_SUSPICIOUS_MOVE = YES;
				CLANG_WARN_UNGUARDED_AVAILABILITY = YES_AGGRESSIVE;
				CLANG_WARN_UNREACHABLE_CODE = YES;
				CLANG_WARN__DUPLICATE_METHOD_MATCH = YES;
				CODE_SIGN_IDENTITY = "iPhone Developer";
				COPY_PHASE_STRIP = NO;
				DEBUG_INFORMATION_FORMAT = dwarf;
				ENABLE_STRICT_OBJC_MSGSEND = YES;
				ENABLE_TESTABILITY = YES;
				GCC_C_LANGUAGE_STANDARD = gnu11;
				GCC_DYNAMIC_NO_PIC = NO;
				GCC_NO_COMMON_BLOCKS = YES;
				GCC_OPTIMIZATION_LEVEL = 0;
				GCC_PREPROCESSOR_DEFINITIONS = (
					"DEBUG=1",
					"$(inherited)",
				);
				GCC_WARN_64_TO_32_BIT_CONVERSION = YES;
				GCC_WARN_ABOUT_RETURN_TYPE = YES_ERROR;
				GCC_WARN_UNDECLARED_SELECTOR = YES;
				GCC_WARN_UNINITIALIZED_AUTOS = YES_AGGRESSIVE;
				GCC_WARN_UNUSED_FUNCTION = YES;
				GCC_WARN_UNUSED_VARIABLE = YES;
				IPHONEOS_DEPLOYMENT_TARGET = 11.2;
				MTL_ENABLE_DEBUG_INFO = YES;
				ONLY_ACTIVE_ARCH = YES;
				SDKROOT = iphoneos;
				SWIFT_ACTIVE_COMPILATION_CONDITIONS = DEBUG;
				SWIFT_OPTIMIZATION_LEVEL = "-Onone";
			};
			name = Debug;
		};
		FFE946A5204F76E40070B150 /* Release */ = {
			isa = XCBuildConfiguration;
			buildSettings = {
				ALWAYS_SEARCH_USER_PATHS = NO;
				CLANG_ANALYZER_NONNULL = YES;
				CLANG_ANALYZER_NUMBER_OBJECT_CONVERSION = YES_AGGRESSIVE;
				CLANG_CXX_LANGUAGE_STANDARD = "gnu++14";
				CLANG_CXX_LIBRARY = "libc++";
				CLANG_ENABLE_MODULES = YES;
				CLANG_ENABLE_OBJC_ARC = YES;
				CLANG_WARN_BLOCK_CAPTURE_AUTORELEASING = YES;
				CLANG_WARN_BOOL_CONVERSION = YES;
				CLANG_WARN_COMMA = YES;
				CLANG_WARN_CONSTANT_CONVERSION = YES;
				CLANG_WARN_DIRECT_OBJC_ISA_USAGE = YES_ERROR;
				CLANG_WARN_DOCUMENTATION_COMMENTS = YES;
				CLANG_WARN_EMPTY_BODY = YES;
				CLANG_WARN_ENUM_CONVERSION = YES;
				CLANG_WARN_INFINITE_RECURSION = YES;
				CLANG_WARN_INT_CONVERSION = YES;
				CLANG_WARN_NON_LITERAL_NULL_CONVERSION = YES;
				CLANG_WARN_OBJC_LITERAL_CONVERSION = YES;
				CLANG_WARN_OBJC_ROOT_CLASS = YES_ERROR;
				CLANG_WARN_RANGE_LOOP_ANALYSIS = YES;
				CLANG_WARN_STRICT_PROTOTYPES = YES;
				CLANG_WARN_SUSPICIOUS_MOVE = YES;
				CLANG_WARN_UNGUARDED_AVAILABILITY = YES_AGGRESSIVE;
				CLANG_WARN_UNREACHABLE_CODE = YES;
				CLANG_WARN__DUPLICATE_METHOD_MATCH = YES;
				CODE_SIGN_IDENTITY = "iPhone Developer";
				COPY_PHASE_STRIP = NO;
				DEBUG_INFORMATION_FORMAT = "dwarf-with-dsym";
				ENABLE_NS_ASSERTIONS = NO;
				ENABLE_STRICT_OBJC_MSGSEND = YES;
				GCC_C_LANGUAGE_STANDARD = gnu11;
				GCC_NO_COMMON_BLOCKS = YES;
				GCC_WARN_64_TO_32_BIT_CONVERSION = YES;
				GCC_WARN_ABOUT_RETURN_TYPE = YES_ERROR;
				GCC_WARN_UNDECLARED_SELECTOR = YES;
				GCC_WARN_UNINITIALIZED_AUTOS = YES_AGGRESSIVE;
				GCC_WARN_UNUSED_FUNCTION = YES;
				GCC_WARN_UNUSED_VARIABLE = YES;
				IPHONEOS_DEPLOYMENT_TARGET = 11.2;
				MTL_ENABLE_DEBUG_INFO = NO;
				SDKROOT = iphoneos;
				SWIFT_OPTIMIZATION_LEVEL = "-Owholemodule";
				VALIDATE_PRODUCT = YES;
			};
			name = Release;
		};
		FFE946A7204F76E40070B150 /* Debug */ = {
			isa = XCBuildConfiguration;
			baseConfigurationReference = 2F21928AC4B7AE5A82382DAA /* Pods-boredom.debug.xcconfig */;
			buildSettings = {
				ASSETCATALOG_COMPILER_APPICON_NAME = AppIcon;
				CODE_SIGN_IDENTITY = "iPhone Developer";
				CODE_SIGN_STYLE = Automatic;
				DEVELOPMENT_TEAM = F4SX7SE65E;
				INFOPLIST_FILE = boredom/Info.plist;
				LD_RUNPATH_SEARCH_PATHS = "$(inherited) @executable_path/Frameworks";
				PRODUCT_BUNDLE_IDENTIFIER = com.melissanguyen.boredom;
				PRODUCT_NAME = "$(TARGET_NAME)";
				PROVISIONING_PROFILE_SPECIFIER = "";
				SWIFT_VERSION = 4.0;
				TARGETED_DEVICE_FAMILY = "1,2";
			};
			name = Debug;
		};
		FFE946A8204F76E40070B150 /* Release */ = {
			isa = XCBuildConfiguration;
			baseConfigurationReference = 5F9150D422716C277607E5C5 /* Pods-boredom.release.xcconfig */;
			buildSettings = {
				ASSETCATALOG_COMPILER_APPICON_NAME = AppIcon;
				CODE_SIGN_IDENTITY = "iPhone Developer";
				CODE_SIGN_STYLE = Automatic;
				DEVELOPMENT_TEAM = F4SX7SE65E;
				INFOPLIST_FILE = boredom/Info.plist;
				LD_RUNPATH_SEARCH_PATHS = "$(inherited) @executable_path/Frameworks";
				PRODUCT_BUNDLE_IDENTIFIER = com.melissanguyen.boredom;
				PRODUCT_NAME = "$(TARGET_NAME)";
				PROVISIONING_PROFILE_SPECIFIER = "";
				SWIFT_VERSION = 4.0;
				TARGETED_DEVICE_FAMILY = "1,2";
			};
			name = Release;
		};
		FFE946AA204F76E40070B150 /* Debug */ = {
			isa = XCBuildConfiguration;
			baseConfigurationReference = B2C0D56CFA9BE33C1B83A3AE /* Pods-boredomTests.debug.xcconfig */;
			buildSettings = {
				ALWAYS_EMBED_SWIFT_STANDARD_LIBRARIES = YES;
				BUNDLE_LOADER = "$(TEST_HOST)";
				CODE_SIGN_STYLE = Automatic;
				INFOPLIST_FILE = boredomTests/Info.plist;
				LD_RUNPATH_SEARCH_PATHS = "$(inherited) @executable_path/Frameworks @loader_path/Frameworks";
				PRODUCT_BUNDLE_IDENTIFIER = com.melissanguyen.boredomTests;
				PRODUCT_NAME = "$(TARGET_NAME)";
				SWIFT_VERSION = 4.0;
				TARGETED_DEVICE_FAMILY = "1,2";
				TEST_HOST = "$(BUILT_PRODUCTS_DIR)/boredom.app/boredom";
			};
			name = Debug;
		};
		FFE946AB204F76E40070B150 /* Release */ = {
			isa = XCBuildConfiguration;
			baseConfigurationReference = E82769B9CD638BFC83AAB966 /* Pods-boredomTests.release.xcconfig */;
			buildSettings = {
				ALWAYS_EMBED_SWIFT_STANDARD_LIBRARIES = YES;
				BUNDLE_LOADER = "$(TEST_HOST)";
				CODE_SIGN_STYLE = Automatic;
				INFOPLIST_FILE = boredomTests/Info.plist;
				LD_RUNPATH_SEARCH_PATHS = "$(inherited) @executable_path/Frameworks @loader_path/Frameworks";
				PRODUCT_BUNDLE_IDENTIFIER = com.melissanguyen.boredomTests;
				PRODUCT_NAME = "$(TARGET_NAME)";
				SWIFT_VERSION = 4.0;
				TARGETED_DEVICE_FAMILY = "1,2";
				TEST_HOST = "$(BUILT_PRODUCTS_DIR)/boredom.app/boredom";
			};
			name = Release;
		};
		FFE946AD204F76E40070B150 /* Debug */ = {
			isa = XCBuildConfiguration;
			baseConfigurationReference = A0F07BC982DE17358A12745E /* Pods-boredomUITests.debug.xcconfig */;
			buildSettings = {
				ALWAYS_EMBED_SWIFT_STANDARD_LIBRARIES = YES;
				CODE_SIGN_STYLE = Automatic;
				INFOPLIST_FILE = boredomUITests/Info.plist;
				LD_RUNPATH_SEARCH_PATHS = "$(inherited) @executable_path/Frameworks @loader_path/Frameworks";
				PRODUCT_BUNDLE_IDENTIFIER = com.melissanguyen.boredomUITests;
				PRODUCT_NAME = "$(TARGET_NAME)";
				SWIFT_VERSION = 4.0;
				TARGETED_DEVICE_FAMILY = "1,2";
				TEST_TARGET_NAME = boredom;
			};
			name = Debug;
		};
		FFE946AE204F76E40070B150 /* Release */ = {
			isa = XCBuildConfiguration;
			baseConfigurationReference = 6B1726BFA897DB1394727757 /* Pods-boredomUITests.release.xcconfig */;
			buildSettings = {
				ALWAYS_EMBED_SWIFT_STANDARD_LIBRARIES = YES;
				CODE_SIGN_STYLE = Automatic;
				INFOPLIST_FILE = boredomUITests/Info.plist;
				LD_RUNPATH_SEARCH_PATHS = "$(inherited) @executable_path/Frameworks @loader_path/Frameworks";
				PRODUCT_BUNDLE_IDENTIFIER = com.melissanguyen.boredomUITests;
				PRODUCT_NAME = "$(TARGET_NAME)";
				SWIFT_VERSION = 4.0;
				TARGETED_DEVICE_FAMILY = "1,2";
				TEST_TARGET_NAME = boredom;
			};
			name = Release;
		};
/* End XCBuildConfiguration section */

/* Begin XCConfigurationList section */
		FFE94679204F76E30070B150 /* Build configuration list for PBXProject "boredom" */ = {
			isa = XCConfigurationList;
			buildConfigurations = (
				FFE946A4204F76E40070B150 /* Debug */,
				FFE946A5204F76E40070B150 /* Release */,
			);
			defaultConfigurationIsVisible = 0;
			defaultConfigurationName = Release;
		};
		FFE946A6204F76E40070B150 /* Build configuration list for PBXNativeTarget "boredom" */ = {
			isa = XCConfigurationList;
			buildConfigurations = (
				FFE946A7204F76E40070B150 /* Debug */,
				FFE946A8204F76E40070B150 /* Release */,
			);
			defaultConfigurationIsVisible = 0;
			defaultConfigurationName = Release;
		};
		FFE946A9204F76E40070B150 /* Build configuration list for PBXNativeTarget "boredomTests" */ = {
			isa = XCConfigurationList;
			buildConfigurations = (
				FFE946AA204F76E40070B150 /* Debug */,
				FFE946AB204F76E40070B150 /* Release */,
			);
			defaultConfigurationIsVisible = 0;
			defaultConfigurationName = Release;
		};
		FFE946AC204F76E40070B150 /* Build configuration list for PBXNativeTarget "boredomUITests" */ = {
			isa = XCConfigurationList;
			buildConfigurations = (
				FFE946AD204F76E40070B150 /* Debug */,
				FFE946AE204F76E40070B150 /* Release */,
			);
			defaultConfigurationIsVisible = 0;
			defaultConfigurationName = Release;
		};
/* End XCConfigurationList section */
	};
	rootObject = FFE94676204F76E30070B150 /* Project object */;
}
